{
  "name": "zzdn",
  "version": "1.0.0",
  "lockfileVersion": 2,
  "requires": true,
  "packages": {
    "": {
      "name": "zzdn",
      "version": "1.0.0",
      "license": "ISC",
      "dependencies": {
        "aegis-mp-sdk": "^1.36.3",
        "big.js": "^6.2.1",
        "cos-wx-sdk-v5": "^1.4.3",
        "tim-js-sdk": "^2.23.1",
        "tim-upload-plugin": "^1.0.5",
        "tim-wx-sdk": "^2.23.1",
        "vuex-persistedstate": "^3.2.1"
      }
    },
    "node_modules/@babel/parser": {
      "version": "7.19.6",
      "resolved": "https://registry.npmmirror.com/@babel/parser/-/parser-7.19.6.tgz",
      "integrity": "sha512-h1IUp81s2JYJ3mRkdxJgs4UvmSsRvDrx5ICSJbPvtWYv5i1nTBGcBpnog+89rAFMwvvru6E5NUHdBe01UeSzYA==",
      "peer": true,
      "bin": {
        "parser": "bin/babel-parser.js"
      },
      "engines": {
        "node": ">=6.0.0"
      }
    },
    "node_modules/@vue/compiler-sfc": {
      "version": "2.7.13",
      "resolved": "https://registry.npmmirror.com/@vue/compiler-sfc/-/compiler-sfc-2.7.13.tgz",
      "integrity": "sha512-zzu2rLRZlgIU+OT3Atbr7Y6PG+LW4wVQpPfNRrGDH3dM9PsrcVfa+1pKb8bW467bGM3aDOvAnsYLWVpYIv3GRg==",
      "peer": true,
      "dependencies": {
        "@babel/parser": "^7.18.4",
        "postcss": "^8.4.14",
        "source-map": "^0.6.1"
      }
    },
    "node_modules/@xmldom/xmldom": {
      "version": "0.8.3",
      "resolved": "https://registry.npmmirror.com/@xmldom/xmldom/-/xmldom-0.8.3.tgz",
      "integrity": "sha512-Lv2vySXypg4nfa51LY1nU8yDAGo/5YwF+EY/rUZgIbfvwVARcd67ttCM8SMsTeJy51YhHYavEq+FS6R0hW9PFQ==",
      "engines": {
        "node": ">=10.0.0"
      }
    },
    "node_modules/aegis-mp-sdk": {
      "version": "1.36.3",
      "resolved": "https://registry.npmmirror.com/aegis-mp-sdk/-/aegis-mp-sdk-1.36.3.tgz",
      "integrity": "sha512-ewBDuwJLLl/T3J3Twv9qMQo0euWXOsb3OdBLed4LYgg5ezxgDDl50hbjwQsXvROreMuij7mWE0iiBGLyodPbuw=="
    },
    "node_modules/big.js": {
      "version": "6.2.1",
      "resolved": "https://registry.npmmirror.com/big.js/-/big.js-6.2.1.tgz",
      "integrity": "sha512-bCtHMwL9LeDIozFn+oNhhFoq+yQ3BNdnsLSASUxLciOb1vgvpHsIO1dsENiGMgbb4SkP5TrzWzRiLddn8ahVOQ==",
      "engines": {
        "node": "*"
      }
    },
    "node_modules/cos-wx-sdk-v5": {
      "version": "1.4.3",
      "resolved": "https://registry.npmmirror.com/cos-wx-sdk-v5/-/cos-wx-sdk-v5-1.4.3.tgz",
      "integrity": "sha512-QvWOIDzqaom2ajMqBdfgEIZfcAeep3HuR5q6ckR8tFFSI3mJT6IHUv48rS++HQoCs7PBxN24k3OJB0QjA+xZlg==",
      "dependencies": {
        "@xmldom/xmldom": "^0.8.2",
        "mime": "^2.4.6"
      }
    },
    "node_modules/csstype": {
      "version": "3.1.1",
      "resolved": "https://registry.npmmirror.com/csstype/-/csstype-3.1.1.tgz",
      "integrity": "sha512-DJR/VvkAvSZW9bTouZue2sSxDwdTN92uHjqeKVm+0dAqdfNykRzQ95tay8aXMBAAPpUiq4Qcug2L7neoRh2Egw==",
      "peer": true
    },
    "node_modules/deepmerge": {
      "version": "4.2.2",
      "resolved": "https://registry.npmmirror.com/deepmerge/-/deepmerge-4.2.2.tgz",
      "integrity": "sha512-FJ3UgI4gIl+PHZm53knsuSFpE+nESMr7M4v9QcgB7S63Kj/6WqMiFQJpBBYz1Pt+66bZpP3Q7Lye0Oo9MPKEdg==",
      "engines": {
        "node": ">=0.10.0"
      }
    },
    "node_modules/mime": {
      "version": "2.6.0",
      "resolved": "https://registry.npmmirror.com/mime/-/mime-2.6.0.tgz",
      "integrity": "sha512-USPkMeET31rOMiarsBNIHZKLGgvKc/LrjofAnBlOttf5ajRvqiRA8QsenbcooctK6d6Ts6aqZXBA+XbkKthiQg==",
      "bin": {
        "mime": "cli.js"
      },
      "engines": {
        "node": ">=4.0.0"
      }
    },
    "node_modules/nanoid": {
      "version": "3.3.4",
      "resolved": "https://registry.npmmirror.com/nanoid/-/nanoid-3.3.4.tgz",
      "integrity": "sha512-MqBkQh/OHTS2egovRtLk45wEyNXwF+cokD+1YPf9u5VfJiRdAiRwB2froX5Co9Rh20xs4siNPm8naNotSD6RBw==",
      "peer": true,
      "bin": {
        "nanoid": "bin/nanoid.cjs"
      },
      "engines": {
        "node": "^10 || ^12 || ^13.7 || ^14 || >=15.0.1"
      }
    },
    "node_modules/picocolors": {
      "version": "1.0.0",
      "resolved": "https://registry.npmmirror.com/picocolors/-/picocolors-1.0.0.tgz",
      "integrity": "sha512-1fygroTLlHu66zi26VoTDv8yRgm0Fccecssto+MhsZ0D/DGW2sm8E8AjW7NU5VVTRt5GxbeZ5qBuJr+HyLYkjQ==",
      "peer": true
    },
    "node_modules/postcss": {
      "version": "8.4.18",
      "resolved": "https://registry.npmmirror.com/postcss/-/postcss-8.4.18.tgz",
      "integrity": "sha512-Wi8mWhncLJm11GATDaQKobXSNEYGUHeQLiQqDFG1qQ5UTDPTEvKw0Xt5NsTpktGTwLps3ByrWsBrG0rB8YQ9oA==",
      "peer": true,
      "dependencies": {
        "nanoid": "^3.3.4",
        "picocolors": "^1.0.0",
        "source-map-js": "^1.0.2"
      },
      "engines": {
        "node": "^10 || ^12 || >=14"
      }
    },
    "node_modules/shvl": {
      "version": "2.0.3",
      "resolved": "https://registry.npmmirror.com/shvl/-/shvl-2.0.3.tgz",
      "integrity": "sha512-V7C6S9Hlol6SzOJPnQ7qzOVEWUQImt3BNmmzh40wObhla3XOYMe4gGiYzLrJd5TFa+cI2f9LKIRJTTKZSTbWgw==",
      "deprecated": "older versions vulnerable to prototype pollution"
    },
    "node_modules/source-map": {
      "version": "0.6.1",
      "resolved": "https://registry.npmmirror.com/source-map/-/source-map-0.6.1.tgz",
      "integrity": "sha512-UjgapumWlbMhkBgzT7Ykc5YXUT46F0iKu8SGXq0bcwP5dz/h0Plj6enJqjz1Zbq2l5WaqYnrVbwWOWMyF3F47g==",
      "peer": true,
      "engines": {
        "node": ">=0.10.0"
      }
    },
    "node_modules/source-map-js": {
      "version": "1.0.2",
      "resolved": "https://registry.npmmirror.com/source-map-js/-/source-map-js-1.0.2.tgz",
      "integrity": "sha512-R0XvVJ9WusLiqTCEiGCmICCMplcCkIwwR11mOSD9CR5u+IXYdiseeEuXCVAjS54zqwkLcPNnmU4OeJ6tUrWhDw==",
      "peer": true,
      "engines": {
        "node": ">=0.10.0"
      }
    },
    "node_modules/tim-js-sdk": {
      "version": "2.23.1",
      "resolved": "https://registry.npmmirror.com/tim-js-sdk/-/tim-js-sdk-2.23.1.tgz",
      "integrity": "sha512-zmjrm+7dVceA1FkNgLn0wS5Fl2ac8aQ/w723ms2i8UY8leVuRJ7xv+xDrwk78CBYyhqMvNB/DUecR6D64A1qcw=="
    },
    "node_modules/tim-upload-plugin": {
      "version": "1.0.5",
      "resolved": "https://registry.npmmirror.com/tim-upload-plugin/-/tim-upload-plugin-1.0.5.tgz",
      "integrity": "sha512-GFxo3l60Os/p8rlg1THMcdjIiee7/IyeOTUJ4cwMBgRMxFoxFUmXmKoIS2207+r5F8ai3HqyRZOfiNfcHYrbZw=="
    },
    "node_modules/tim-wx-sdk": {
      "version": "2.23.1",
      "resolved": "https://registry.npmmirror.com/tim-wx-sdk/-/tim-wx-sdk-2.23.1.tgz",
      "integrity": "sha512-m/iWWwlUrD5w3jiu8TrSNgV+dnuiTa8x0bIGQkBeOxnGMtykJsXPr+OcFwV8Iwr0LMI7I1ROpdWkmKQbx64IyQ=="
    },
    "node_modules/vue": {
      "version": "2.7.13",
      "resolved": "https://registry.npmmirror.com/vue/-/vue-2.7.13.tgz",
      "integrity": "sha512-QnM6ULTNnPmn71eUO+4hdjfBIA3H0GLsBnchnI/kS678tjI45GOUZhXd0oP/gX9isikXz1PAzSnkPspp9EUNfQ==",
      "peer": true,
      "dependencies": {
        "@vue/compiler-sfc": "2.7.13",
        "csstype": "^3.1.0"
      }
    },
    "node_modules/vuex": {
      "version": "3.6.2",
      "resolved": "https://registry.npmmirror.com/vuex/-/vuex-3.6.2.tgz",
      "integrity": "sha512-ETW44IqCgBpVomy520DT5jf8n0zoCac+sxWnn+hMe/CzaSejb/eVw2YToiXYX+Ex/AuHHia28vWTq4goAexFbw==",
      "peer": true,
      "peerDependencies": {
        "vue": "^2.0.0"
      }
    },
    "node_modules/vuex-persistedstate": {
      "version": "3.2.1",
      "resolved": "https://registry.npmmirror.com/vuex-persistedstate/-/vuex-persistedstate-3.2.1.tgz",
      "integrity": "sha512-0OnHKGsCHJcvbEraaGZvuvX4aybM2oQWYRuZmIQB7zUjVM6tP+Hg+oXLrq9r6elT4she9SGtEbGE1L2+XdFgUw==",
      "deprecated": "Package no longer supported. Contact Support at https://www.npmjs.com/support for more info.",
      "dependencies": {
        "deepmerge": "^4.2.2",
        "shvl": "^2.0.3"
      },
      "peerDependencies": {
        "vue": "^2.0.0",
        "vuex": "^2.0.0 || ^3.0.0"
      }
    }
  },
  "dependencies": {
    "@babel/parser": {
      "version": "7.19.6",
      "resolved": "https://registry.npmmirror.com/@babel/parser/-/parser-7.19.6.tgz",
      "integrity": "sha512-h1IUp81s2JYJ3mRkdxJgs4UvmSsRvDrx5ICSJbPvtWYv5i1nTBGcBpnog+89rAFMwvvru6E5NUHdBe01UeSzYA==",
      "peer": true
    },
    "@vue/compiler-sfc": {
      "version": "2.7.13",
      "resolved": "https://registry.npmmirror.com/@vue/compiler-sfc/-/compiler-sfc-2.7.13.tgz",
      "integrity": "sha512-zzu2rLRZlgIU+OT3Atbr7Y6PG+LW4wVQpPfNRrGDH3dM9PsrcVfa+1pKb8bW467bGM3aDOvAnsYLWVpYIv3GRg==",
      "peer": true,
      "requires": {
        "@babel/parser": "^7.18.4",
        "postcss": "^8.4.14",
        "source-map": "^0.6.1"
      }
    },
    "@xmldom/xmldom": {
      "version": "0.8.3",
      "resolved": "https://registry.npmmirror.com/@xmldom/xmldom/-/xmldom-0.8.3.tgz",
      "integrity": "sha512-Lv2vySXypg4nfa51LY1nU8yDAGo/5YwF+EY/rUZgIbfvwVARcd67ttCM8SMsTeJy51YhHYavEq+FS6R0hW9PFQ=="
    },
    "aegis-mp-sdk": {
      "version": "1.36.3",
      "resolved": "https://registry.npmmirror.com/aegis-mp-sdk/-/aegis-mp-sdk-1.36.3.tgz",
      "integrity": "sha512-ewBDuwJLLl/T3J3Twv9qMQo0euWXOsb3OdBLed4LYgg5ezxgDDl50hbjwQsXvROreMuij7mWE0iiBGLyodPbuw=="
    },
    "big.js": {
      "version": "6.2.1",
      "resolved": "https://registry.npmmirror.com/big.js/-/big.js-6.2.1.tgz",
      "integrity": "sha512-bCtHMwL9LeDIozFn+oNhhFoq+yQ3BNdnsLSASUxLciOb1vgvpHsIO1dsENiGMgbb4SkP5TrzWzRiLddn8ahVOQ=="
    },
    "cos-wx-sdk-v5": {
      "version": "1.4.3",
      "resolved": "https://registry.npmmirror.com/cos-wx-sdk-v5/-/cos-wx-sdk-v5-1.4.3.tgz",
      "integrity": "sha512-QvWOIDzqaom2ajMqBdfgEIZfcAeep3HuR5q6ckR8tFFSI3mJT6IHUv48rS++HQoCs7PBxN24k3OJB0QjA+xZlg==",
      "requires": {
        "@xmldom/xmldom": "^0.8.2",
        "mime": "^2.4.6"
      }
    },
    "csstype": {
      "version": "3.1.1",
      "resolved": "https://registry.npmmirror.com/csstype/-/csstype-3.1.1.tgz",
      "integrity": "sha512-DJR/VvkAvSZW9bTouZue2sSxDwdTN92uHjqeKVm+0dAqdfNykRzQ95tay8aXMBAAPpUiq4Qcug2L7neoRh2Egw==",
      "peer": true
    },
    "deepmerge": {
      "version": "4.2.2",
      "resolved": "https://registry.npmmirror.com/deepmerge/-/deepmerge-4.2.2.tgz",
      "integrity": "sha512-FJ3UgI4gIl+PHZm53knsuSFpE+nESMr7M4v9QcgB7S63Kj/6WqMiFQJpBBYz1Pt+66bZpP3Q7Lye0Oo9MPKEdg=="
    },
    "mime": {
      "version": "2.6.0",
      "resolved": "https://registry.npmmirror.com/mime/-/mime-2.6.0.tgz",
      "integrity": "sha512-USPkMeET31rOMiarsBNIHZKLGgvKc/LrjofAnBlOttf5ajRvqiRA8QsenbcooctK6d6Ts6aqZXBA+XbkKthiQg=="
    },
    "nanoid": {
      "version": "3.3.4",
      "resolved": "https://registry.npmmirror.com/nanoid/-/nanoid-3.3.4.tgz",
      "integrity": "sha512-MqBkQh/OHTS2egovRtLk45wEyNXwF+cokD+1YPf9u5VfJiRdAiRwB2froX5Co9Rh20xs4siNPm8naNotSD6RBw==",
      "peer": true
    },
    "picocolors": {
      "version": "1.0.0",
      "resolved": "https://registry.npmmirror.com/picocolors/-/picocolors-1.0.0.tgz",
      "integrity": "sha512-1fygroTLlHu66zi26VoTDv8yRgm0Fccecssto+MhsZ0D/DGW2sm8E8AjW7NU5VVTRt5GxbeZ5qBuJr+HyLYkjQ==",
      "peer": true
    },
    "postcss": {
      "version": "8.4.18",
      "resolved": "https://registry.npmmirror.com/postcss/-/postcss-8.4.18.tgz",
      "integrity": "sha512-Wi8mWhncLJm11GATDaQKobXSNEYGUHeQLiQqDFG1qQ5UTDPTEvKw0Xt5NsTpktGTwLps3ByrWsBrG0rB8YQ9oA==",
      "peer": true,
      "requires": {
        "nanoid": "^3.3.4",
        "picocolors": "^1.0.0",
        "source-map-js": "^1.0.2"
      }
    },
    "shvl": {
      "version": "2.0.3",
      "resolved": "https://registry.npmmirror.com/shvl/-/shvl-2.0.3.tgz",
      "integrity": "sha512-V7C6S9Hlol6SzOJPnQ7qzOVEWUQImt3BNmmzh40wObhla3XOYMe4gGiYzLrJd5TFa+cI2f9LKIRJTTKZSTbWgw=="
    },
    "source-map": {
      "version": "0.6.1",
      "resolved": "https://registry.npmmirror.com/source-map/-/source-map-0.6.1.tgz",
      "integrity": "sha512-UjgapumWlbMhkBgzT7Ykc5YXUT46F0iKu8SGXq0bcwP5dz/h0Plj6enJqjz1Zbq2l5WaqYnrVbwWOWMyF3F47g==",
      "peer": true
    },
    "source-map-js": {
      "version": "1.0.2",
      "resolved": "https://registry.npmmirror.com/source-map-js/-/source-map-js-1.0.2.tgz",
      "integrity": "sha512-R0XvVJ9WusLiqTCEiGCmICCMplcCkIwwR11mOSD9CR5u+IXYdiseeEuXCVAjS54zqwkLcPNnmU4OeJ6tUrWhDw==",
      "peer": true
    },
    "tim-js-sdk": {
      "version": "2.23.1",
      "resolved": "https://registry.npmmirror.com/tim-js-sdk/-/tim-js-sdk-2.23.1.tgz",
      "integrity": "sha512-zmjrm+7dVceA1FkNgLn0wS5Fl2ac8aQ/w723ms2i8UY8leVuRJ7xv+xDrwk78CBYyhqMvNB/DUecR6D64A1qcw=="
    },
    "tim-upload-plugin": {
      "version": "1.0.5",
      "resolved": "https://registry.npmmirror.com/tim-upload-plugin/-/tim-upload-plugin-1.0.5.tgz",
      "integrity": "sha512-GFxo3l60Os/p8rlg1THMcdjIiee7/IyeOTUJ4cwMBgRMxFoxFUmXmKoIS2207+r5F8ai3HqyRZOfiNfcHYrbZw=="
    },
    "tim-wx-sdk": {
      "version": "2.23.1",
      "resolved": "https://registry.npmmirror.com/tim-wx-sdk/-/tim-wx-sdk-2.23.1.tgz",
      "integrity": "sha512-m/iWWwlUrD5w3jiu8TrSNgV+dnuiTa8x0bIGQkBeOxnGMtykJsXPr+OcFwV8Iwr0LMI7I1ROpdWkmKQbx64IyQ=="
    },
    "vue": {
      "version": "2.7.13",
      "resolved": "https://registry.npmmirror.com/vue/-/vue-2.7.13.tgz",
      "integrity": "sha512-QnM6ULTNnPmn71eUO+4hdjfBIA3H0GLsBnchnI/kS678tjI45GOUZhXd0oP/gX9isikXz1PAzSnkPspp9EUNfQ==",
      "peer": true,
      "requires": {
        "@vue/compiler-sfc": "2.7.13",
        "csstype": "^3.1.0"
      }
    },
    "vuex": {
      "version": "3.6.2",
      "resolved": "https://registry.npmmirror.com/vuex/-/vuex-3.6.2.tgz",
      "integrity": "sha512-ETW44IqCgBpVomy520DT5jf8n0zoCac+sxWnn+hMe/CzaSejb/eVw2YToiXYX+Ex/AuHHia28vWTq4goAexFbw==",
      "peer": true,
      "requires": {}
    },
    "vuex-persistedstate": {
      "version": "3.2.1",
      "resolved": "https://registry.npmmirror.com/vuex-persistedstate/-/vuex-persistedstate-3.2.1.tgz",
      "integrity": "sha512-0OnHKGsCHJcvbEraaGZvuvX4aybM2oQWYRuZmIQB7zUjVM6tP+Hg+oXLrq9r6elT4she9SGtEbGE1L2+XdFgUw==",
      "requires": {
        "deepmerge": "^4.2.2",
        "shvl": "^2.0.3"
      }
    }
  }
}
